<?xml version="1.0" encoding="UTF-8" standalone="yes" ?>
<CodeBlocks_project_file>
	<FileVersion major="1" minor="6" />
	<Project>
		<Option title="OpenGl" />
		<Option pch_mode="2" />
		<Option compiler="gcc" />
		<Build>
			<Target title="Debug">
				<Option output="bin/Debug/OpenGl" prefix_auto="1" extension_auto="1" />
				<Option object_output="obj/Debug/" />
				<Option type="1" />
				<Option compiler="gcc" />
				<Compiler>
					<Add option="-g" />
				</Compiler>
			</Target>
			<Target title="Release">
				<Option output="bin/Release/OpenGl" prefix_auto="1" extension_auto="1" />
				<Option object_output="obj/Release/" />
				<Option type="0" />
				<Option compiler="gcc" />
				<Compiler>
					<Add option="-O2" />
					<Add option="-lglfw3 -lGL -lX11 -lpthread -lXrandr -lXi -ldl" />
				</Compiler>
				<Linker>
					<Add option="-s" />
				</Linker>
			</Target>
		</Build>
		<Compiler>
			<Add option="-Wall" />
			<Add directory="/home/miofix/Programming/GLEW/include" />
			<Add directory="/home/miofix/Programming/GLAD" />
		</Compiler>
		<Linker>
			<Add option="-lglfw3 -lGL -lX11 -lpthread -lXrandr -lXi -ldl" />
			<Add library="GL" />
			<Add library="X11" />
			<Add library="/home/miofix/Programming/GLEW/build/src/libglfw3.a" />
			<Add directory="/home/miofix/Programming/GLEW/build" />
			<Add directory="/home/miofix/Programming/GLEW/build/src" />
			<Add directory="/home/miofix/Programming/GLAD" />
		</Linker>
		<Unit filename="Shader.h" />
		<Unit filename="glad.c">
			<Option compilerVar="CC" />
		</Unit>
		<Unit filename="main.cpp" />
		<Unit filename="shader.cpp" />
		<Extensions>
			<envvars />
			<code_completion />
			<debugger />
		</Extensions>
	</Project>
</CodeBlocks_project_file>
